
Microsoft Visual Studio Solution File, Format Version 11.00
# Visual Studio 2010
Project("{FAE04EC0-301F-11D3-BF4B-00C04F79EFBC}") = "MvcTwitter", "MvcTwitter\MvcTwitter.csproj", "{A7A39DC5-4CED-4714-8905-E1BB17341DDE}"
EndProject
Global
	GlobalSection(SolutionConfigurationPlatforms) = preSolution
		Debug|Any CPU = Debug|Any CPU
		Release|Any CPU = Release|Any CPU
	EndGlobalSection
	GlobalSection(ProjectConfigurationPlatforms) = postSolution
		{A7A39DC5-4CED-4714-8905-E1BB17341DDE}.Debug|Any CPU.ActiveCfg = Debug|Any CPU
		{A7A39DC5-4CED-4714-8905-E1BB17341DDE}.Debug|Any CPU.Build.0 = Debug|Any CPU
		{A7A39DC5-4CED-4714-8905-E1BB17341DDE}.Release|Any CPU.ActiveCfg = Release|Any CPU
		{A7A39DC5-4CED-4714-8905-E1BB17341DDE}.Release|Any CPU.Build.0 = Release|Any CPU
	EndGlobalSection
	GlobalSection(SolutionProperties) = preSolution
		HideSolutionNode = FALSE
	EndGlobalSection
EndGlobal
